
Microsoft Visual Studio Solution File, Format Version 12.00
# Visual Studio Version 17
VisualStudioVersion = 17.6.33815.320
MinimumVisualStudioVersion = 10.0.40219.1
Project("{9A19103F-16F7-4668-BE54-9A1E7A4F7556}") = "BlazorPizzaProject", "BlazorPizzaProject\BlazorPizzaProject.csproj", "{C452227B-0D3F-4AF2-B4B8-E3633F8CD402}"
EndProject
Project("{9A19103F-16F7-4668-BE54-9A1E7A4F7556}") = "BlazorPizzaProject.API", "BlazorPizzaProject.API\BlazorPizzaProject.API.csproj", "{0C879E4F-11AE-4567-ADA0-4CE52EB5E437}"
EndProject
Project("{9A19103F-16F7-4668-BE54-9A1E7A4F7556}") = "BlazorPizzaProject.Business", "BlazorPizzaProject.Business\BlazorPizzaProject.Business.csproj", "{4C9D802B-6AA5-42C0-9C14-A666BC8D7C40}"
EndProject
Global
	GlobalSection(SolutionConfigurationPlatforms) = preSolution
		Debug|Any CPU = Debug|Any CPU
		Release|Any CPU = Release|Any CPU
	EndGlobalSection
	GlobalSection(ProjectConfigurationPlatforms) = postSolution
		{C452227B-0D3F-4AF2-B4B8-E3633F8CD402}.Debug|Any CPU.ActiveCfg = Debug|Any CPU
		{C452227B-0D3F-4AF2-B4B8-E3633F8CD402}.Debug|Any CPU.Build.0 = Debug|Any CPU
		{C452227B-0D3F-4AF2-B4B8-E3633F8CD402}.Release|Any CPU.ActiveCfg = Release|Any CPU
		{C452227B-0D3F-4AF2-B4B8-E3633F8CD402}.Release|Any CPU.Build.0 = Release|Any CPU
		{0C879E4F-11AE-4567-ADA0-4CE52EB5E437}.Debug|Any CPU.ActiveCfg = Debug|Any CPU
		{0C879E4F-11AE-4567-ADA0-4CE52EB5E437}.Debug|Any CPU.Build.0 = Debug|Any CPU
		{0C879E4F-11AE-4567-ADA0-4CE52EB5E437}.Release|Any CPU.ActiveCfg = Release|Any CPU
		{0C879E4F-11AE-4567-ADA0-4CE52EB5E437}.Release|Any CPU.Build.0 = Release|Any CPU
		{4C9D802B-6AA5-42C0-9C14-A666BC8D7C40}.Debug|Any CPU.ActiveCfg = Debug|Any CPU
		{4C9D802B-6AA5-42C0-9C14-A666BC8D7C40}.Debug|Any CPU.Build.0 = Debug|Any CPU
		{4C9D802B-6AA5-42C0-9C14-A666BC8D7C40}.Release|Any CPU.ActiveCfg = Release|Any CPU
		{4C9D802B-6AA5-42C0-9C14-A666BC8D7C40}.Release|Any CPU.Build.0 = Release|Any CPU
	EndGlobalSection
	GlobalSection(SolutionProperties) = preSolution
		HideSolutionNode = FALSE
	EndGlobalSection
	GlobalSection(ExtensibilityGlobals) = postSolution
		SolutionGuid = {C9FBB573-F275-40E8-BED8-2E25366693B2}
	EndGlobalSection
EndGlobal
